
Microsoft Visual Studio Solution File, Format Version 12.00
# Visual Studio Version 16
VisualStudioVersion = 16.0.29613.14
MinimumVisualStudioVersion = 10.0.40219.1
Project("{9A19103F-16F7-4668-BE54-9A1E7A4F7556}") = "ProcessBoss", "Source\ProcessBoss\ProcessBoss.csproj", "{539711AC-CA1F-43C8-992A-36560F80801B}"
EndProject
Project("{FAE04EC0-301F-11D3-BF4B-00C04F79EFBC}") = "ProcessBoss.Tests", "Source\ProcessBoss.Tests\ProcessBoss.Tests.csproj", "{43EE46B9-7FC8-4505-BD6A-600AD4BB7EA0}"
EndProject
Project("{2150E333-8FDC-42A3-9474-1A3956D46DE8}") = "Solution Items", "Solution Items", "{CA1D05D9-F719-46CD-B847-0A6078D0C432}"
	ProjectSection(SolutionItems) = preProject
		.editorconfig = .editorconfig
	EndProjectSection
EndProject
Global
	GlobalSection(SolutionConfigurationPlatforms) = preSolution
		Debug|Any CPU = Debug|Any CPU
		Release|Any CPU = Release|Any CPU
	EndGlobalSection
	GlobalSection(ProjectConfigurationPlatforms) = postSolution
		{539711AC-CA1F-43C8-992A-36560F80801B}.Debug|Any CPU.ActiveCfg = Debug|Any CPU
		{539711AC-CA1F-43C8-992A-36560F80801B}.Debug|Any CPU.Build.0 = Debug|Any CPU
		{539711AC-CA1F-43C8-992A-36560F80801B}.Release|Any CPU.ActiveCfg = Release|Any CPU
		{539711AC-CA1F-43C8-992A-36560F80801B}.Release|Any CPU.Build.0 = Release|Any CPU
		{43EE46B9-7FC8-4505-BD6A-600AD4BB7EA0}.Debug|Any CPU.ActiveCfg = Debug|Any CPU
		{43EE46B9-7FC8-4505-BD6A-600AD4BB7EA0}.Debug|Any CPU.Build.0 = Debug|Any CPU
		{43EE46B9-7FC8-4505-BD6A-600AD4BB7EA0}.Release|Any CPU.ActiveCfg = Release|Any CPU
		{43EE46B9-7FC8-4505-BD6A-600AD4BB7EA0}.Release|Any CPU.Build.0 = Release|Any CPU
	EndGlobalSection
	GlobalSection(SolutionProperties) = preSolution
		HideSolutionNode = FALSE
	EndGlobalSection
	GlobalSection(ExtensibilityGlobals) = postSolution
		SolutionGuid = {E7C66BA2-8577-43C3-BFAB-C9942FBD2242}
	EndGlobalSection
EndGlobal
